
Microsoft Visual Studio Solution File, Format Version 12.00
Project("{FAE04EC0-301F-11D3-BF4B-00C04F79EFBC}") = "CherqueOrmTests", "CherqueOrmTests\CherqueOrmTests.csproj", "{BF614D1E-D25A-49AC-B2BE-E5A338AE623A}"
EndProject
Project("{FAE04EC0-301F-11D3-BF4B-00C04F79EFBC}") = "CherqueOrm", "CherqueOrm\CherqueOrm.csproj", "{01986C2B-0CE4-433F-B0E3-A548E49ED162}"
EndProject
Global
	GlobalSection(SolutionConfigurationPlatforms) = preSolution
		Debug|Any CPU = Debug|Any CPU
		Release|Any CPU = Release|Any CPU
	EndGlobalSection
	GlobalSection(ProjectConfigurationPlatforms) = postSolution
		{BF614D1E-D25A-49AC-B2BE-E5A338AE623A}.Debug|Any CPU.ActiveCfg = Debug|Any CPU
		{BF614D1E-D25A-49AC-B2BE-E5A338AE623A}.Debug|Any CPU.Build.0 = Debug|Any CPU
		{BF614D1E-D25A-49AC-B2BE-E5A338AE623A}.Release|Any CPU.ActiveCfg = Release|Any CPU
		{BF614D1E-D25A-49AC-B2BE-E5A338AE623A}.Release|Any CPU.Build.0 = Release|Any CPU
		{01986C2B-0CE4-433F-B0E3-A548E49ED162}.Debug|Any CPU.ActiveCfg = Debug|Any CPU
		{01986C2B-0CE4-433F-B0E3-A548E49ED162}.Debug|Any CPU.Build.0 = Debug|Any CPU
		{01986C2B-0CE4-433F-B0E3-A548E49ED162}.Release|Any CPU.ActiveCfg = Release|Any CPU
		{01986C2B-0CE4-433F-B0E3-A548E49ED162}.Release|Any CPU.Build.0 = Release|Any CPU
	EndGlobalSection
EndGlobal
